
Microsoft Visual Studio Solution File, Format Version 12.00
# Visual Studio Version 16
VisualStudioVersion = 16.0.30114.105
MinimumVisualStudioVersion = 10.0.40219.1
Project("{FAE04EC0-301F-11D3-BF4B-00C04F79EFBC}") = "FactoryPattern", "FactoryPattern\FactoryPattern.csproj", "{E15AB65D-6EFB-4575-91E3-E3B77878FDEC}"
EndProject
Project("{FAE04EC0-301F-11D3-BF4B-00C04F79EFBC}") = "AbstractFactory", "AbstractFactory\AbstractFactory.csproj", "{5F0E7320-01D4-4B7D-A747-AFE86460310B}"
EndProject
Project("{FAE04EC0-301F-11D3-BF4B-00C04F79EFBC}") = "Singleton", "Singleton\Singleton.csproj", "{151F879F-52F6-4E62-B8ED-DC5F6523B9BB}"
EndProject
Project("{FAE04EC0-301F-11D3-BF4B-00C04F79EFBC}") = "Decorator", "Decorator\Decorator.csproj", "{D6219292-78A6-4E3E-A526-4E06FF7D2619}"
EndProject
Global
	GlobalSection(SolutionConfigurationPlatforms) = preSolution
		Debug|Any CPU = Debug|Any CPU
		Release|Any CPU = Release|Any CPU
	EndGlobalSection
	GlobalSection(ProjectConfigurationPlatforms) = postSolution
		{E15AB65D-6EFB-4575-91E3-E3B77878FDEC}.Debug|Any CPU.ActiveCfg = Debug|Any CPU
		{E15AB65D-6EFB-4575-91E3-E3B77878FDEC}.Debug|Any CPU.Build.0 = Debug|Any CPU
		{E15AB65D-6EFB-4575-91E3-E3B77878FDEC}.Release|Any CPU.ActiveCfg = Release|Any CPU
		{E15AB65D-6EFB-4575-91E3-E3B77878FDEC}.Release|Any CPU.Build.0 = Release|Any CPU
		{5F0E7320-01D4-4B7D-A747-AFE86460310B}.Debug|Any CPU.ActiveCfg = Debug|Any CPU
		{5F0E7320-01D4-4B7D-A747-AFE86460310B}.Debug|Any CPU.Build.0 = Debug|Any CPU
		{5F0E7320-01D4-4B7D-A747-AFE86460310B}.Release|Any CPU.ActiveCfg = Release|Any CPU
		{5F0E7320-01D4-4B7D-A747-AFE86460310B}.Release|Any CPU.Build.0 = Release|Any CPU
		{151F879F-52F6-4E62-B8ED-DC5F6523B9BB}.Debug|Any CPU.ActiveCfg = Debug|Any CPU
		{151F879F-52F6-4E62-B8ED-DC5F6523B9BB}.Debug|Any CPU.Build.0 = Debug|Any CPU
		{151F879F-52F6-4E62-B8ED-DC5F6523B9BB}.Release|Any CPU.ActiveCfg = Release|Any CPU
		{151F879F-52F6-4E62-B8ED-DC5F6523B9BB}.Release|Any CPU.Build.0 = Release|Any CPU
		{D6219292-78A6-4E3E-A526-4E06FF7D2619}.Debug|Any CPU.ActiveCfg = Debug|Any CPU
		{D6219292-78A6-4E3E-A526-4E06FF7D2619}.Debug|Any CPU.Build.0 = Debug|Any CPU
		{D6219292-78A6-4E3E-A526-4E06FF7D2619}.Release|Any CPU.ActiveCfg = Release|Any CPU
		{D6219292-78A6-4E3E-A526-4E06FF7D2619}.Release|Any CPU.Build.0 = Release|Any CPU
	EndGlobalSection
	GlobalSection(SolutionProperties) = preSolution
		HideSolutionNode = FALSE
	EndGlobalSection
	GlobalSection(ExtensibilityGlobals) = postSolution
		SolutionGuid = {3BC51119-531E-454B-8767-30DEBDF0B71D}
	EndGlobalSection
EndGlobal
